
Microsoft Visual Studio Solution File, Format Version 12.00
# Visual Studio Version 17
VisualStudioVersion = 17.1.32407.343
MinimumVisualStudioVersion = 10.0.40219.1
Project("{FAE04EC0-301F-11D3-BF4B-00C04F79EFBC}") = "BetterFurnace", "BetterFurnace\BetterFurnace.csproj", "{DD6B3665-E36E-417C-B1C5-1C3999E98AEB}"
EndProject
Project("{FAE04EC0-301F-11D3-BF4B-00C04F79EFBC}") = "EfficientTools", "EfficientTools\EfficientTools.csproj", "{4B60F8AE-E1A6-4CB8-BEBC-6AF9E7640B97}"
EndProject
Project("{FAE04EC0-301F-11D3-BF4B-00C04F79EFBC}") = "EfficientDevices", "EfficientDevices\EfficientDevices.csproj", "{7C6407AF-BE6A-4616-8A39-3F1F6ECA3679}"
EndProject
Global
	GlobalSection(SolutionConfigurationPlatforms) = preSolution
		Debug|Any CPU = Debug|Any CPU
		Release|Any CPU = Release|Any CPU
	EndGlobalSection
	GlobalSection(ProjectConfigurationPlatforms) = postSolution
		{DD6B3665-E36E-417C-B1C5-1C3999E98AEB}.Debug|Any CPU.ActiveCfg = Debug|Any CPU
		{DD6B3665-E36E-417C-B1C5-1C3999E98AEB}.Debug|Any CPU.Build.0 = Debug|Any CPU
		{DD6B3665-E36E-417C-B1C5-1C3999E98AEB}.Release|Any CPU.ActiveCfg = Release|Any CPU
		{DD6B3665-E36E-417C-B1C5-1C3999E98AEB}.Release|Any CPU.Build.0 = Release|Any CPU
		{4B60F8AE-E1A6-4CB8-BEBC-6AF9E7640B97}.Debug|Any CPU.ActiveCfg = Debug|Any CPU
		{4B60F8AE-E1A6-4CB8-BEBC-6AF9E7640B97}.Debug|Any CPU.Build.0 = Debug|Any CPU
		{4B60F8AE-E1A6-4CB8-BEBC-6AF9E7640B97}.Release|Any CPU.ActiveCfg = Release|Any CPU
		{4B60F8AE-E1A6-4CB8-BEBC-6AF9E7640B97}.Release|Any CPU.Build.0 = Release|Any CPU
		{7C6407AF-BE6A-4616-8A39-3F1F6ECA3679}.Debug|Any CPU.ActiveCfg = Debug|Any CPU
		{7C6407AF-BE6A-4616-8A39-3F1F6ECA3679}.Debug|Any CPU.Build.0 = Debug|Any CPU
		{7C6407AF-BE6A-4616-8A39-3F1F6ECA3679}.Release|Any CPU.ActiveCfg = Release|Any CPU
		{7C6407AF-BE6A-4616-8A39-3F1F6ECA3679}.Release|Any CPU.Build.0 = Release|Any CPU
	EndGlobalSection
	GlobalSection(SolutionProperties) = preSolution
		HideSolutionNode = FALSE
	EndGlobalSection
	GlobalSection(ExtensibilityGlobals) = postSolution
		SolutionGuid = {4AAC5A0F-BEA3-4714-A5F8-432B391F6C61}
	EndGlobalSection
EndGlobal
